github.com/envplane/contracts v0.1.81 h1:0e/kmKQWzajlztwQ4IzobMu3FG5AWBQA+yxKYiZ/1/g=
github.com/envplane/contracts v0.1.81/go.mod h1:/aVUc5NCmh/amgea7odPI1YxjxLf2dfFDvuOieTUgYs=
github.com/envplane/contracts v0.1.83 h1:Dwrw1mFuejueg6edhfmNesxCU5RaHBxrlONxjHHYIFs=
github.com/envplane/contracts v0.1.83/go.mod h1:/aVUc5NCmh/amgea7odPI1YxjxLf2dfFDvuOieTUgYs=
