github.com/envplane/contracts v0.1.109 h1:kGbfcbeSfbdV6G4hPf5yN8iJl8Kay16wBZeIpVYuedw=
github.com/envplane/contracts v0.1.109/go.mod h1:KYR62hqF41fqGSuAPOU9clbDhk1GsmcemCGlJ6RBmpQ=
github.com/envplane/contracts v0.1.110 h1:hZBmg/Jf8EF0ATB/MjXwxaqjcK+gnfQFb4eV8EQb41A=
github.com/envplane/contracts v0.1.110/go.mod h1:KYR62hqF41fqGSuAPOU9clbDhk1GsmcemCGlJ6RBmpQ=
